// !$*UTF8*$!
{
	archiveVersion = 1;
	classes = {
	};
	objectVersion = 46;
	objects = {

/* Begin PBXBuildFile section */
		9507EDE31D616C1100929640 /* main.m in Sources */ = {isa = PBXBuildFile; fileRef = 9507EDE21D616C1100929640 /* main.m */; };
		9507EDE61D616C1100929640 /* SwipeDateTimeDelegate.m in Sources */ = {isa = PBXBuildFile; fileRef = 9507EDE51D616C1100929640 /* SwipeDateTimeDelegate.m */; };
		9507EDE91D616C1100929640 /* DemoVC.m in Sources */ = {isa = PBXBuildFile; fileRef = 9507EDE81D616C1100929640 /* DemoVC.m */; };
		9507EDEC1D616C1100929640 /* Main.storyboard in Resources */ = {isa = PBXBuildFile; fileRef = 9507EDEA1D616C1100929640 /* Main.storyboard */; };
		9507EDEE1D616C1100929640 /* Assets.xcassets in Resources */ = {isa = PBXBuildFile; fileRef = 9507EDED1D616C1100929640 /* Assets.xcassets */; };
		9507EDF11D616C1100929640 /* LaunchScreen.storyboard in Resources */ = {isa = PBXBuildFile; fileRef = 9507EDEF1D616C1100929640 /* LaunchScreen.storyboard */; };
/* End PBXBuildFile section */

/* Begin PBXFileReference section */
		9507EDDE1D616C1100929640 /* SwipeDateTime.app */ = {isa = PBXFileReference; explicitFileType = wrapper.application; includeInIndex = 0; path = SwipeDateTime.app; sourceTree = BUILT_PRODUCTS_DIR; };
		9507EDE21D616C1100929640 /* main.m */ = {isa = PBXFileReference; lastKnownFileType = sourcecode.c.objc; path = main.m; sourceTree = "<group>"; };
		9507EDE41D616C1100929640 /* SwipeDateTimeDelegate.h */ = {isa = PBXFileReference; lastKnownFileType = sourcecode.c.h; path = SwipeDateTimeDelegate.h; sourceTree = "<group>"; };
		9507EDE51D616C1100929640 /* SwipeDateTimeDelegate.m */ = {isa = PBXFileReference; lastKnownFileType = sourcecode.c.objc; path = SwipeDateTimeDelegate.m; sourceTree = "<group>"; };
		9507EDE71D616C1100929640 /* DemoVC.h */ = {isa = PBXFileReference; lastKnownFileType = sourcecode.c.h; path = DemoVC.h; sourceTree = "<group>"; };
		9507EDE81D616C1100929640 /* DemoVC.m */ = {isa = PBXFileReference; lastKnownFileType = sourcecode.c.objc; path = DemoVC.m; sourceTree = "<group>"; };
		9507EDEB1D616C1100929640 /* Base */ = {isa = PBXFileReference; lastKnownFileType = file.storyboard; name = Base; path = Base.lproj/Main.storyboard; sourceTree = "<group>"; };
		9507EDED1D616C1100929640 /* Assets.xcassets */ = {isa = PBXFileReference; lastKnownFileType = folder.assetcatalog; path = Assets.xcassets; sourceTree = "<group>"; };
		9507EDF01D616C1100929640 /* Base */ = {isa = PBXFileReference; lastKnownFileType = file.storyboard; name = Base; path = Base.lproj/LaunchScreen.storyboard; sourceTree = "<group>"; };
		9507EDF21D616C1100929640 /* Info.plist */ = {isa = PBXFileReference; lastKnownFileType = text.plist.xml; path = Info.plist; sourceTree = "<group>"; };
		9507EDF81D616D2400929640 /* SourceCode */ = {isa = PBXFileReference; lastKnownFileType = folder; path = SourceCode; sourceTree = "<group>"; };
/* End PBXFileReference section */

/* Begin PBXFrameworksBuildPhase section */
		9507EDDB1D616C1100929640 /* Frameworks */ = {
			isa = PBXFrameworksBuildPhase;
			buildActionMask = 2147483647;
			files = (
			);
			runOnlyForDeploymentPostprocessing = 0;
		};
/* End PBXFrameworksBuildPhase section */

/* Begin PBXGroup section */
		9507EDD51D616C1100929640 = {
			isa = PBXGroup;
			children = (
				9507EDE01D616C1100929640 /* SwipeDateTime */,
				9507EDDF1D616C1100929640 /* Products */,
			);
			sourceTree = "<group>";
		};
		9507EDDF1D616C1100929640 /* Products */ = {
			isa = PBXGroup;
			children = (
				9507EDDE1D616C1100929640 /* SwipeDateTime.app */,
			);
			name = Products;
			sourceTree = "<group>";
		};
		9507EDE01D616C1100929640 /* SwipeDateTime */ = {
			isa = PBXGroup;
			children = (
				9507EDE41D616C1100929640 /* SwipeDateTimeDelegate.h */,
				9507EDE51D616C1100929640 /* SwipeDateTimeDelegate.m */,
				9507EDE71D616C1100929640 /* DemoVC.h */,
				9507EDE81D616C1100929640 /* DemoVC.m */,
				9507EDEA1D616C1100929640 /* Main.storyboard */,
				9507EDF81D616D2400929640 /* SourceCode */,
				9507EDED1D616C1100929640 /* Assets.xcassets */,
				9507EDEF1D616C1100929640 /* LaunchScreen.storyboard */,
				9507EDF21D616C1100929640 /* Info.plist */,
				9507EDE11D616C1100929640 /* Supporting Files */,
			);
			path = SwipeDateTime;
			sourceTree = "<group>";
		};
		9507EDE11D616C1100929640 /* Supporting Files */ = {
			isa = PBXGroup;
			children = (
				9507EDE21D616C1100929640 /* main.m */,
			);
			name = "Supporting Files";
			sourceTree = "<group>";
		};
/* End PBXGroup section */

/* Begin PBXNativeTarget section */
		9507EDDD1D616C1100929640 /* SwipeDateTime */ = {
			isa = PBXNativeTarget;
			buildConfigurationList = 9507EDF51D616C1100929640 /* Build configuration list for PBXNativeTarget "SwipeDateTime" */;
			buildPhases = (
				9507EDDA1D616C1100929640 /* Sources */,
				9507EDDB1D616C1100929640 /* Frameworks */,
				9507EDDC1D616C1100929640 /* Resources */,
			);
			buildRules = (
			);
			dependencies = (
			);
			name = SwipeDateTime;
			productName = SwipeDateTime;
			productReference = 9507EDDE1D616C1100929640 /* SwipeDateTime.app */;
			productType = "com.apple.product-type.application";
		};
/* End PBXNativeTarget section */

/* Begin PBXProject section */
		9507EDD61D616C1100929640 /* Project object */ = {
			isa = PBXProject;
			attributes = {
				LastUpgradeCheck = 0730;
				ORGANIZATIONNAME = AnN;
				TargetAttributes = {
					9507EDDD1D616C1100929640 = {
						CreatedOnToolsVersion = 7.3.1;
					};
				};
			};
			buildConfigurationList = 9507EDD91D616C1100929640 /* Build configuration list for PBXProject "SwipeDateTime" */;
			compatibilityVersion = "Xcode 3.2";
			developmentRegion = English;
			hasScannedForEncodings = 0;
			knownRegions = (
				en,
				Base,
			);
			mainGroup = 9507EDD51D616C1100929640;
			productRefGroup = 9507EDDF1D616C1100929640 /* Products */;
			projectDirPath = "";
			projectRoot = "";
			targets = (
				9507EDDD1D616C1100929640 /* SwipeDateTime */,
			);
		};
/* End PBXProject section */

/* Begin PBXResourcesBuildPhase section */
		9507EDDC1D616C1100929640 /* Resources */ = {
			isa = PBXResourcesBuildPhase;
			buildActionMask = 2147483647;
			files = (
				9507EDF11D616C1100929640 /* LaunchScreen.storyboard in Resources */,
				9507EDEE1D616C1100929640 /* Assets.xcassets in Resources */,
				9507EDEC1D616C1100929640 /* Main.storyboard in Resources */,
			);
			runOnlyForDeploymentPostprocessing = 0;
		};
/* End PBXResourcesBuildPhase section */

/* Begin PBXSourcesBuildPhase section */
		9507EDDA1D616C1100929640 /* Sources */ = {
			isa = PBXSourcesBuildPhase;
			buildActionMask = 2147483647;
			files = (
				9507EDE91D616C1100929640 /* DemoVC.m in Sources */,
				9507EDE61D616C1100929640 /* SwipeDateTimeDelegate.m in Sources */,
				9507EDE31D616C1100929640 /* main.m in Sources */,
			);
			runOnlyForDeploymentPostprocessing = 0;
		};
/* End PBXSourcesBuildPhase section */

/* Begin PBXVariantGroup section */
		9507EDEA1D616C1100929640 /* Main.storyboard */ = {
			isa = PBXVariantGroup;
			children = (
				9507EDEB1D616C1100929640 /* Base */,
			);
			name = Main.storyboard;
			sourceTree = "<group>";
		};
		9507EDEF1D616C1100929640 /* LaunchScreen.storyboard */ = {
			isa = PBXVariantGroup;
			children = (
				9507EDF01D616C1100929640 /* Base */,
			);
			name = LaunchScreen.storyboard;
			sourceTree = "<group>";
		};
/* End PBXVariantGroup section */

/* Begin XCBuildConfiguration section */
		9507EDF31D616C1100929640 /* Debug */ = {
			isa = XCBuildConfiguration;
			buildSettings = {
				ALWAYS_SEARCH_USER_PATHS = NO;
				CLANG_ANALYZER_NONNULL = YES;
				CLANG_CXX_LANGUAGE_STANDARD = "gnu++0x";
				CLANG_CXX_LIBRARY = "libc++";
				CLANG_ENABLE_MODULES = YES;
				CLANG_ENABLE_OBJC_ARC = YES;
				CLANG_WARN_BOOL_CONVERSION = YES;
				CLANG_WARN_CONSTANT_CONVERSION = YES;
				CLANG_WARN_DIRECT_OBJC_ISA_USAGE = YES_ERROR;
				CLANG_WARN_EMPTY_BODY = YES;
				CLANG_WARN_ENUM_CONVERSION = YES;
				CLANG_WARN_INT_CONVERSION = YES;
				CLANG_WARN_OBJC_ROOT_CLASS = YES_ERROR;
				CLANG_WARN_UNREACHABLE_CODE = YES;
				CLANG_WARN__DUPLICATE_METHOD_MATCH = YES;
				"CODE_SIGN_IDENTITY[sdk=iphoneos*]" = "iPhone Developer";
				COPY_PHASE_STRIP = NO;
				DEBUG_INFORMATION_FORMAT = dwarf;
				ENABLE_STRICT_OBJC_MSGSEND = YES;
				ENABLE_TESTABILITY = YES;
				GCC_C_LANGUAGE_STANDARD = gnu99;
				GCC_DYNAMIC_NO_PIC = NO;
				GCC_NO_COMMON_BLOCKS = YES;
				GCC_OPTIMIZATION_LEVEL = 0;
				GCC_PREPROCESSOR_DEFINITIONS = (
					"DEBUG=1",
					"$(inherited)",
				);
				GCC_WARN_64_TO_32_BIT_CONVERSION = YES;
				GCC_WARN_ABOUT_RETURN_TYPE = YES_ERROR;
				GCC_WARN_UNDECLARED_SELECTOR = YES;
				GCC_WARN_UNINITIALIZED_AUTOS = YES_AGGRESSIVE;
				GCC_WARN_UNUSED_FUNCTION = YES;
				GCC_WARN_UNUSED_VARIABLE = YES;
				IPHONEOS_DEPLOYMENT_TARGET = 8.0;
				MTL_ENABLE_DEBUG_INFO = YES;
				ONLY_ACTIVE_ARCH = YES;
				SDKROOT = iphoneos;
				TARGETED_DEVICE_FAMILY = "1,2";
			};
			name = Debug;
		};
		9507EDF41D616C1100929640 /* Release */ = {
			isa = XCBuildConfiguration;
			buildSettings = {
				ALWAYS_SEARCH_USER_PATHS = NO;
				CLANG_ANALYZER_NONNULL = YES;
				CLANG_CXX_LANGUAGE_STANDARD = "gnu++0x";
				CLANG_CXX_LIBRARY = "libc++";
				CLANG_ENABLE_MODULES = YES;
				CLANG_ENABLE_OBJC_ARC = YES;
				CLANG_WARN_BOOL_CONVERSION = YES;
				CLANG_WARN_CONSTANT_CONVERSION = YES;
				CLANG_WARN_DIRECT_OBJC_ISA_USAGE = YES_ERROR;
				CLANG_WARN_EMPTY_BODY = YES;
				CLANG_WARN_ENUM_CONVERSION = YES;
				CLANG_WARN_INT_CONVERSION = YES;
				CLANG_WARN_OBJC_ROOT_CLASS = YES_ERROR;
				CLANG_WARN_UNREACHABLE_CODE = YES;
				CLANG_WARN__DUPLICATE_METHOD_MATCH = YES;
				"CODE_SIGN_IDENTITY[sdk=iphoneos*]" = "iPhone Developer";
				COPY_PHASE_STRIP = NO;
				DEBUG_INFORMATION_FORMAT = "dwarf-with-dsym";
				ENABLE_NS_ASSERTIONS = NO;
				ENABLE_STRICT_OBJC_MSGSEND = YES;
				GCC_C_LANGUAGE_STANDARD = gnu99;
				GCC_NO_COMMON_BLOCKS = YES;
				GCC_WARN_64_TO_32_BIT_CONVERSION = YES;
				GCC_WARN_ABOUT_RETURN_TYPE = YES_ERROR;
				GCC_WARN_UNDECLARED_SELECTOR = YES;
				GCC_WARN_UNINITIALIZED_AUTOS = YES_AGGRESSIVE;
				GCC_WARN_UNUSED_FUNCTION = YES;
				GCC_WARN_UNUSED_VARIABLE = YES;
				IPHONEOS_DEPLOYMENT_TARGET = 8.0;
				MTL_ENABLE_DEBUG_INFO = NO;
				SDKROOT = iphoneos;
				TARGETED_DEVICE_FAMILY = "1,2";
				VALIDATE_PRODUCT = YES;
			};
			name = Release;
		};
		9507EDF61D616C1100929640 /* Debug */ = {
			isa = XCBuildConfiguration;
			buildSettings = {
				ASSETCATALOG_COMPILER_APPICON_NAME = AppIcon;
				INFOPLIST_FILE = SwipeDateTime/Info.plist;
				LD_RUNPATH_SEARCH_PATHS = "$(inherited) @executable_path/Frameworks";
				PRODUCT_BUNDLE_IDENTIFIER = com.annv.SwipeDateTime;
				PRODUCT_NAME = "$(TARGET_NAME)";
			};
			name = Debug;
		};
		9507EDF71D616C1100929640 /* Release */ = {
			isa = XCBuildConfiguration;
			buildSettings = {
				ASSETCATALOG_COMPILER_APPICON_NAME = AppIcon;
				INFOPLIST_FILE = SwipeDateTime/Info.plist;
				LD_RUNPATH_SEARCH_PATHS = "$(inherited) @executable_path/Frameworks";
				PRODUCT_BUNDLE_IDENTIFIER = com.annv.SwipeDateTime;
				PRODUCT_NAME = "$(TARGET_NAME)";
			};
			name = Release;
		};
/* End XCBuildConfiguration section */

/* Begin XCConfigurationList section */
		9507EDD91D616C1100929640 /* Build configuration list for PBXProject "SwipeDateTime" */ = {
			isa = XCConfigurationList;
			buildConfigurations = (
				9507EDF31D616C1100929640 /* Debug */,
				9507EDF41D616C1100929640 /* Release */,
			);
			defaultConfigurationIsVisible = 0;
			defaultConfigurationName = Release;
		};
		9507EDF51D616C1100929640 /* Build configuration list for PBXNativeTarget "SwipeDateTime" */ = {
			isa = XCConfigurationList;
			buildConfigurations = (
				9507EDF61D616C1100929640 /* Debug */,
				9507EDF71D616C1100929640 /* Release */,
			);
			defaultConfigurationIsVisible = 0;
		};
/* End XCConfigurationList section */
	};
	rootObject = 9507EDD61D616C1100929640 /* Project object */;
}
